// !$*UTF8*$!
{
	archiveVersion = 1;
	classes = {
	};
	objectVersion = 48;
	objects = {

/* Begin PBXBuildFile section */
		73AA781F200EFC1300E966CE /* AppDelegate.swift in Sources */ = {isa = PBXBuildFile; fileRef = 73AA781E200EFC1300E966CE /* AppDelegate.swift */; };
		73AA782A200EFC1300E966CE /* Assets.xcassets in Resources */ = {isa = PBXBuildFile; fileRef = 73AA7829200EFC1300E966CE /* Assets.xcassets */; };
		73AA782D200EFC1300E966CE /* LaunchScreen.storyboard in Resources */ = {isa = PBXBuildFile; fileRef = 73AA782B200EFC1300E966CE /* LaunchScreen.storyboard */; };
		73AA7838200EFC1300E966CE /* ALPCTests.swift in Sources */ = {isa = PBXBuildFile; fileRef = 73AA7837200EFC1300E966CE /* ALPCTests.swift */; };
		73AA7847200EFD9600E966CE /* PagedViewController.swift in Sources */ = {isa = PBXBuildFile; fileRef = 73AA7846200EFD9600E966CE /* PagedViewController.swift */; };
		73AA7849200EFFCA00E966CE /* DecoderViewController.swift in Sources */ = {isa = PBXBuildFile; fileRef = 73AA7848200EFFCA00E966CE /* DecoderViewController.swift */; };
		73AA7850200F00BE00E966CE /* DecoderInputView.xib in Resources */ = {isa = PBXBuildFile; fileRef = 73AA784F200F00BE00E966CE /* DecoderInputView.xib */; };
		73AA7852200F00C700E966CE /* DecoderInputView.swift in Sources */ = {isa = PBXBuildFile; fileRef = 73AA7851200F00C700E966CE /* DecoderInputView.swift */; };
		73AA7855200F145300E966CE /* UIViewExtensions.swift in Sources */ = {isa = PBXBuildFile; fileRef = 73AA7854200F145300E966CE /* UIViewExtensions.swift */; };
		73AA7858200F15B800E966CE /* DecoderViewModel.swift in Sources */ = {isa = PBXBuildFile; fileRef = 73AA7857200F15B800E966CE /* DecoderViewModel.swift */; };
		73B5FECB200F90DA0005710F /* EncoderInputView.xib in Resources */ = {isa = PBXBuildFile; fileRef = 73B5FECA200F90DA0005710F /* EncoderInputView.xib */; };
		73B5FECD200F90E50005710F /* EncodeInputView.swift in Sources */ = {isa = PBXBuildFile; fileRef = 73B5FECC200F90E50005710F /* EncodeInputView.swift */; };
		73F41A4C200F94180053D82F /* EncoderViewController.swift in Sources */ = {isa = PBXBuildFile; fileRef = 73F41A4B200F94180053D82F /* EncoderViewController.swift */; };
		73F41A4E200F94290053D82F /* EncoderViewModel.swift in Sources */ = {isa = PBXBuildFile; fileRef = 73F41A4D200F94290053D82F /* EncoderViewModel.swift */; };
		73F41A50200F99CD0053D82F /* PagedViewModel.swift in Sources */ = {isa = PBXBuildFile; fileRef = 73F41A4F200F99CD0053D82F /* PagedViewModel.swift */; };
		73F41A54200F9FFF0053D82F /* PagedViewControllerTests.swift in Sources */ = {isa = PBXBuildFile; fileRef = 73F41A53200F9FFF0053D82F /* PagedViewControllerTests.swift */; };
		73F41A56200FA0100053D82F /* PagedViewModelTests.swift in Sources */ = {isa = PBXBuildFile; fileRef = 73F41A55200FA0100053D82F /* PagedViewModelTests.swift */; };
		73F41A5A200FAAA80053D82F /* DecoderViewControllerTests.swift in Sources */ = {isa = PBXBuildFile; fileRef = 73F41A59200FAAA80053D82F /* DecoderViewControllerTests.swift */; };
		73F41A5C200FAE0D0053D82F /* EncoderViewControllerTests.swift in Sources */ = {isa = PBXBuildFile; fileRef = 73F41A5B200FAE0D0053D82F /* EncoderViewControllerTests.swift */; };
		73F41A5E200FAF020053D82F /* EncoderViewModelTests.swift in Sources */ = {isa = PBXBuildFile; fileRef = 73F41A5D200FAF020053D82F /* EncoderViewModelTests.swift */; };
		73F41A61200FB0680053D82F /* Serializer.swift in Sources */ = {isa = PBXBuildFile; fileRef = 73F41A60200FB0680053D82F /* Serializer.swift */; };
		73F41A63200FB6BB0053D82F /* SignificantBitClearingSerializer.swift in Sources */ = {isa = PBXBuildFile; fileRef = 73F41A62200FB6BB0053D82F /* SignificantBitClearingSerializer.swift */; };
		73F41A65200FBDD60053D82F /* DecoderViewModelTests.swift in Sources */ = {isa = PBXBuildFile; fileRef = 73F41A64200FBDD60053D82F /* DecoderViewModelTests.swift */; };
/* End PBXBuildFile section */

/* Begin PBXContainerItemProxy section */
		73AA7834200EFC1300E966CE /* PBXContainerItemProxy */ = {
			isa = PBXContainerItemProxy;
			containerPortal = 73AA7813200EFC1200E966CE /* Project object */;
			proxyType = 1;
			remoteGlobalIDString = 73AA781A200EFC1200E966CE;
			remoteInfo = ALPC;
		};
/* End PBXContainerItemProxy section */

/* Begin PBXFileReference section */
		73AA781B200EFC1200E966CE /* ALPC.app */ = {isa = PBXFileReference; explicitFileType = wrapper.application; includeInIndex = 0; path = ALPC.app; sourceTree = BUILT_PRODUCTS_DIR; };
		73AA781E200EFC1300E966CE /* AppDelegate.swift */ = {isa = PBXFileReference; lastKnownFileType = sourcecode.swift; path = AppDelegate.swift; sourceTree = "<group>"; };
		73AA7829200EFC1300E966CE /* Assets.xcassets */ = {isa = PBXFileReference; lastKnownFileType = folder.assetcatalog; path = Assets.xcassets; sourceTree = "<group>"; };
		73AA782C200EFC1300E966CE /* Base */ = {isa = PBXFileReference; lastKnownFileType = file.storyboard; name = Base; path = Base.lproj/LaunchScreen.storyboard; sourceTree = "<group>"; };
		73AA782E200EFC1300E966CE /* Info.plist */ = {isa = PBXFileReference; lastKnownFileType = text.plist.xml; path = Info.plist; sourceTree = "<group>"; };
		73AA7833200EFC1300E966CE /* ALPCTests.xctest */ = {isa = PBXFileReference; explicitFileType = wrapper.cfbundle; includeInIndex = 0; path = ALPCTests.xctest; sourceTree = BUILT_PRODUCTS_DIR; };
		73AA7837200EFC1300E966CE /* ALPCTests.swift */ = {isa = PBXFileReference; lastKnownFileType = sourcecode.swift; path = ALPCTests.swift; sourceTree = "<group>"; };
		73AA7839200EFC1300E966CE /* Info.plist */ = {isa = PBXFileReference; lastKnownFileType = text.plist.xml; path = Info.plist; sourceTree = "<group>"; };
		73AA7846200EFD9600E966CE /* PagedViewController.swift */ = {isa = PBXFileReference; lastKnownFileType = sourcecode.swift; path = PagedViewController.swift; sourceTree = "<group>"; };
		73AA7848200EFFCA00E966CE /* DecoderViewController.swift */ = {isa = PBXFileReference; lastKnownFileType = sourcecode.swift; path = DecoderViewController.swift; sourceTree = "<group>"; };
		73AA784F200F00BE00E966CE /* DecoderInputView.xib */ = {isa = PBXFileReference; lastKnownFileType = file.xib; path = DecoderInputView.xib; sourceTree = "<group>"; };
		73AA7851200F00C700E966CE /* DecoderInputView.swift */ = {isa = PBXFileReference; lastKnownFileType = sourcecode.swift; path = DecoderInputView.swift; sourceTree = "<group>"; };
		73AA7854200F145300E966CE /* UIViewExtensions.swift */ = {isa = PBXFileReference; lastKnownFileType = sourcecode.swift; path = UIViewExtensions.swift; sourceTree = "<group>"; };
		73AA7857200F15B800E966CE /* DecoderViewModel.swift */ = {isa = PBXFileReference; lastKnownFileType = sourcecode.swift; path = DecoderViewModel.swift; sourceTree = "<group>"; };
		73B5FECA200F90DA0005710F /* EncoderInputView.xib */ = {isa = PBXFileReference; fileEncoding = 4; lastKnownFileType = file.xib; path = EncoderInputView.xib; sourceTree = "<group>"; };
		73B5FECC200F90E50005710F /* EncodeInputView.swift */ = {isa = PBXFileReference; lastKnownFileType = sourcecode.swift; path = EncodeInputView.swift; sourceTree = "<group>"; };
		73F41A4B200F94180053D82F /* EncoderViewController.swift */ = {isa = PBXFileReference; lastKnownFileType = sourcecode.swift; path = EncoderViewController.swift; sourceTree = "<group>"; };
		73F41A4D200F94290053D82F /* EncoderViewModel.swift */ = {isa = PBXFileReference; lastKnownFileType = sourcecode.swift; path = EncoderViewModel.swift; sourceTree = "<group>"; };
		73F41A4F200F99CD0053D82F /* PagedViewModel.swift */ = {isa = PBXFileReference; lastKnownFileType = sourcecode.swift; path = PagedViewModel.swift; sourceTree = "<group>"; };
		73F41A53200F9FFF0053D82F /* PagedViewControllerTests.swift */ = {isa = PBXFileReference; lastKnownFileType = sourcecode.swift; path = PagedViewControllerTests.swift; sourceTree = "<group>"; };
		73F41A55200FA0100053D82F /* PagedViewModelTests.swift */ = {isa = PBXFileReference; lastKnownFileType = sourcecode.swift; path = PagedViewModelTests.swift; sourceTree = "<group>"; };
		73F41A59200FAAA80053D82F /* DecoderViewControllerTests.swift */ = {isa = PBXFileReference; lastKnownFileType = sourcecode.swift; path = DecoderViewControllerTests.swift; sourceTree = "<group>"; };
		73F41A5B200FAE0D0053D82F /* EncoderViewControllerTests.swift */ = {isa = PBXFileReference; lastKnownFileType = sourcecode.swift; path = EncoderViewControllerTests.swift; sourceTree = "<group>"; };
		73F41A5D200FAF020053D82F /* EncoderViewModelTests.swift */ = {isa = PBXFileReference; lastKnownFileType = sourcecode.swift; path = EncoderViewModelTests.swift; sourceTree = "<group>"; };
		73F41A60200FB0680053D82F /* Serializer.swift */ = {isa = PBXFileReference; lastKnownFileType = sourcecode.swift; path = Serializer.swift; sourceTree = "<group>"; };
		73F41A62200FB6BB0053D82F /* SignificantBitClearingSerializer.swift */ = {isa = PBXFileReference; lastKnownFileType = sourcecode.swift; path = SignificantBitClearingSerializer.swift; sourceTree = "<group>"; };
		73F41A64200FBDD60053D82F /* DecoderViewModelTests.swift */ = {isa = PBXFileReference; lastKnownFileType = sourcecode.swift; path = DecoderViewModelTests.swift; sourceTree = "<group>"; };
/* End PBXFileReference section */

/* Begin PBXFrameworksBuildPhase section */
		73AA7818200EFC1200E966CE /* Frameworks */ = {
			isa = PBXFrameworksBuildPhase;
			buildActionMask = 2147483647;
			files = (
			);
			runOnlyForDeploymentPostprocessing = 0;
		};
		73AA7830200EFC1300E966CE /* Frameworks */ = {
			isa = PBXFrameworksBuildPhase;
			buildActionMask = 2147483647;
			files = (
			);
			runOnlyForDeploymentPostprocessing = 0;
		};
/* End PBXFrameworksBuildPhase section */

/* Begin PBXGroup section */
		73AA7812200EFC1200E966CE = {
			isa = PBXGroup;
			children = (
				73AA781D200EFC1200E966CE /* ALPC */,
				73AA7836200EFC1300E966CE /* ALPCTests */,
				73AA781C200EFC1200E966CE /* Products */,
			);
			sourceTree = "<group>";
		};
		73AA781C200EFC1200E966CE /* Products */ = {
			isa = PBXGroup;
			children = (
				73AA781B200EFC1200E966CE /* ALPC.app */,
				73AA7833200EFC1300E966CE /* ALPCTests.xctest */,
			);
			name = Products;
			sourceTree = "<group>";
		};
		73AA781D200EFC1200E966CE /* ALPC */ = {
			isa = PBXGroup;
			children = (
				73AA781E200EFC1300E966CE /* AppDelegate.swift */,
				73F41A5F200FB0380053D82F /* BusinessLogic */,
				73AA7842200EFD1E00E966CE /* Controllers */,
				73AA7853200F144200E966CE /* Extensions */,
				73AA7856200F146F00E966CE /* SupportingFiles */,
			);
			path = ALPC;
			sourceTree = "<group>";
		};
		73AA7836200EFC1300E966CE /* ALPCTests */ = {
			isa = PBXGroup;
			children = (
				73F41A51200F9FDC0053D82F /* Controllers */,
				73AA7837200EFC1300E966CE /* ALPCTests.swift */,
				73AA7839200EFC1300E966CE /* Info.plist */,
			);
			path = ALPCTests;
			sourceTree = "<group>";
		};
		73AA7842200EFD1E00E966CE /* Controllers */ = {
			isa = PBXGroup;
			children = (
				73AA7844200EFD6500E966CE /* Decoder */,
				73AA7843200EFD2B00E966CE /* Encoder */,
				73AA7845200EFD6D00E966CE /* Paged */,
			);
			path = Controllers;
			sourceTree = "<group>";
		};
		73AA7843200EFD2B00E966CE /* Encoder */ = {
			isa = PBXGroup;
			children = (
				73B5FEC9200F90B20005710F /* Views */,
				73F41A4B200F94180053D82F /* EncoderViewController.swift */,
				73F41A4D200F94290053D82F /* EncoderViewModel.swift */,
			);
			path = Encoder;
			sourceTree = "<group>";
		};
		73AA7844200EFD6500E966CE /* Decoder */ = {
			isa = PBXGroup;
			children = (
				73AA784E200F00B200E966CE /* Views */,
				73AA7848200EFFCA00E966CE /* DecoderViewController.swift */,
				73AA7857200F15B800E966CE /* DecoderViewModel.swift */,
			);
			path = Decoder;
			sourceTree = "<group>";
		};
		73AA7845200EFD6D00E966CE /* Paged */ = {
			isa = PBXGroup;
			children = (
				73AA7846200EFD9600E966CE /* PagedViewController.swift */,
				73F41A4F200F99CD0053D82F /* PagedViewModel.swift */,
			);
			path = Paged;
			sourceTree = "<group>";
		};
		73AA784E200F00B200E966CE /* Views */ = {
			isa = PBXGroup;
			children = (
				73AA7851200F00C700E966CE /* DecoderInputView.swift */,
				73AA784F200F00BE00E966CE /* DecoderInputView.xib */,
			);
			path = Views;
			sourceTree = "<group>";
		};
		73AA7853200F144200E966CE /* Extensions */ = {
			isa = PBXGroup;
			children = (
				73AA7854200F145300E966CE /* UIViewExtensions.swift */,
			);
			path = Extensions;
			sourceTree = "<group>";
		};
		73AA7856200F146F00E966CE /* SupportingFiles */ = {
			isa = PBXGroup;
			children = (
				73AA782B200EFC1300E966CE /* LaunchScreen.storyboard */,
				73AA782E200EFC1300E966CE /* Info.plist */,
				73AA7829200EFC1300E966CE /* Assets.xcassets */,
			);
			path = SupportingFiles;
			sourceTree = "<group>";
		};
		73B5FEC9200F90B20005710F /* Views */ = {
			isa = PBXGroup;
			children = (
				73B5FECC200F90E50005710F /* EncodeInputView.swift */,
				73B5FECA200F90DA0005710F /* EncoderInputView.xib */,
			);
			path = Views;
			sourceTree = "<group>";
		};
		73F41A51200F9FDC0053D82F /* Controllers */ = {
			isa = PBXGroup;
			children = (
				73F41A58200FAA810053D82F /* Decoder */,
				73F41A57200FAA7A0053D82F /* Encoder */,
				73F41A52200F9FE30053D82F /* Paged */,
			);
			path = Controllers;
			sourceTree = "<group>";
		};
		73F41A52200F9FE30053D82F /* Paged */ = {
			isa = PBXGroup;
			children = (
				73F41A53200F9FFF0053D82F /* PagedViewControllerTests.swift */,
				73F41A55200FA0100053D82F /* PagedViewModelTests.swift */,
			);
			path = Paged;
			sourceTree = "<group>";
		};
		73F41A57200FAA7A0053D82F /* Encoder */ = {
			isa = PBXGroup;
			children = (
				73F41A5B200FAE0D0053D82F /* EncoderViewControllerTests.swift */,
				73F41A5D200FAF020053D82F /* EncoderViewModelTests.swift */,
			);
			path = Encoder;
			sourceTree = "<group>";
		};
		73F41A58200FAA810053D82F /* Decoder */ = {
			isa = PBXGroup;
			children = (
				73F41A59200FAAA80053D82F /* DecoderViewControllerTests.swift */,
				73F41A64200FBDD60053D82F /* DecoderViewModelTests.swift */,
			);
			path = Decoder;
			sourceTree = "<group>";
		};
		73F41A5F200FB0380053D82F /* BusinessLogic */ = {
			isa = PBXGroup;
			children = (
				73F41A60200FB0680053D82F /* Serializer.swift */,
				73F41A62200FB6BB0053D82F /* SignificantBitClearingSerializer.swift */,
			);
			path = BusinessLogic;
			sourceTree = "<group>";
		};
/* End PBXGroup section */

/* Begin PBXNativeTarget section */
		73AA781A200EFC1200E966CE /* ALPC */ = {
			isa = PBXNativeTarget;
			buildConfigurationList = 73AA783C200EFC1300E966CE /* Build configuration list for PBXNativeTarget "ALPC" */;
			buildPhases = (
				73AA7817200EFC1200E966CE /* Sources */,
				73AA7818200EFC1200E966CE /* Frameworks */,
				73AA7819200EFC1200E966CE /* Resources */,
			);
			buildRules = (
			);
			dependencies = (
			);
			name = ALPC;
			productName = ALPC;
			productReference = 73AA781B200EFC1200E966CE /* ALPC.app */;
			productType = "com.apple.product-type.application";
		};
		73AA7832200EFC1300E966CE /* ALPCTests */ = {
			isa = PBXNativeTarget;
			buildConfigurationList = 73AA783F200EFC1300E966CE /* Build configuration list for PBXNativeTarget "ALPCTests" */;
			buildPhases = (
				73AA782F200EFC1300E966CE /* Sources */,
				73AA7830200EFC1300E966CE /* Frameworks */,
				73AA7831200EFC1300E966CE /* Resources */,
			);
			buildRules = (
			);
			dependencies = (
				73AA7835200EFC1300E966CE /* PBXTargetDependency */,
			);
			name = ALPCTests;
			productName = ALPCTests;
			productReference = 73AA7833200EFC1300E966CE /* ALPCTests.xctest */;
			productType = "com.apple.product-type.bundle.unit-test";
		};
/* End PBXNativeTarget section */

/* Begin PBXProject section */
		73AA7813200EFC1200E966CE /* Project object */ = {
			isa = PBXProject;
			attributes = {
				LastSwiftUpdateCheck = 0920;
				LastUpgradeCheck = 0920;
				ORGANIZATIONNAME = None;
				TargetAttributes = {
					73AA781A200EFC1200E966CE = {
						CreatedOnToolsVersion = 9.2;
						ProvisioningStyle = Automatic;
					};
					73AA7832200EFC1300E966CE = {
						CreatedOnToolsVersion = 9.2;
						ProvisioningStyle = Automatic;
						TestTargetID = 73AA781A200EFC1200E966CE;
					};
				};
			};
			buildConfigurationList = 73AA7816200EFC1200E966CE /* Build configuration list for PBXProject "ALPC" */;
			compatibilityVersion = "Xcode 8.0";
			developmentRegion = en;
			hasScannedForEncodings = 0;
			knownRegions = (
				en,
				Base,
			);
			mainGroup = 73AA7812200EFC1200E966CE;
			productRefGroup = 73AA781C200EFC1200E966CE /* Products */;
			projectDirPath = "";
			projectRoot = "";
			targets = (
				73AA781A200EFC1200E966CE /* ALPC */,
				73AA7832200EFC1300E966CE /* ALPCTests */,
			);
		};
/* End PBXProject section */

/* Begin PBXResourcesBuildPhase section */
		73AA7819200EFC1200E966CE /* Resources */ = {
			isa = PBXResourcesBuildPhase;
			buildActionMask = 2147483647;
			files = (
				73B5FECB200F90DA0005710F /* EncoderInputView.xib in Resources */,
				73AA782D200EFC1300E966CE /* LaunchScreen.storyboard in Resources */,
				73AA7850200F00BE00E966CE /* DecoderInputView.xib in Resources */,
				73AA782A200EFC1300E966CE /* Assets.xcassets in Resources */,
			);
			runOnlyForDeploymentPostprocessing = 0;
		};
		73AA7831200EFC1300E966CE /* Resources */ = {
			isa = PBXResourcesBuildPhase;
			buildActionMask = 2147483647;
			files = (
			);
			runOnlyForDeploymentPostprocessing = 0;
		};
/* End PBXResourcesBuildPhase section */

/* Begin PBXSourcesBuildPhase section */
		73AA7817200EFC1200E966CE /* Sources */ = {
			isa = PBXSourcesBuildPhase;
			buildActionMask = 2147483647;
			files = (
				73AA7847200EFD9600E966CE /* PagedViewController.swift in Sources */,
				73AA7855200F145300E966CE /* UIViewExtensions.swift in Sources */,
				73F41A63200FB6BB0053D82F /* SignificantBitClearingSerializer.swift in Sources */,
				73F41A4E200F94290053D82F /* EncoderViewModel.swift in Sources */,
				73B5FECD200F90E50005710F /* EncodeInputView.swift in Sources */,
				73F41A50200F99CD0053D82F /* PagedViewModel.swift in Sources */,
				73F41A61200FB0680053D82F /* Serializer.swift in Sources */,
				73AA7849200EFFCA00E966CE /* DecoderViewController.swift in Sources */,
				73AA7852200F00C700E966CE /* DecoderInputView.swift in Sources */,
				73F41A4C200F94180053D82F /* EncoderViewController.swift in Sources */,
				73AA781F200EFC1300E966CE /* AppDelegate.swift in Sources */,
				73AA7858200F15B800E966CE /* DecoderViewModel.swift in Sources */,
			);
			runOnlyForDeploymentPostprocessing = 0;
		};
		73AA782F200EFC1300E966CE /* Sources */ = {
			isa = PBXSourcesBuildPhase;
			buildActionMask = 2147483647;
			files = (
				73F41A54200F9FFF0053D82F /* PagedViewControllerTests.swift in Sources */,
				73F41A65200FBDD60053D82F /* DecoderViewModelTests.swift in Sources */,
				73F41A5C200FAE0D0053D82F /* EncoderViewControllerTests.swift in Sources */,
				73AA7838200EFC1300E966CE /* ALPCTests.swift in Sources */,
				73F41A5A200FAAA80053D82F /* DecoderViewControllerTests.swift in Sources */,
				73F41A5E200FAF020053D82F /* EncoderViewModelTests.swift in Sources */,
				73F41A56200FA0100053D82F /* PagedViewModelTests.swift in Sources */,
			);
			runOnlyForDeploymentPostprocessing = 0;
		};
/* End PBXSourcesBuildPhase section */

/* Begin PBXTargetDependency section */
		73AA7835200EFC1300E966CE /* PBXTargetDependency */ = {
			isa = PBXTargetDependency;
			target = 73AA781A200EFC1200E966CE /* ALPC */;
			targetProxy = 73AA7834200EFC1300E966CE /* PBXContainerItemProxy */;
		};
/* End PBXTargetDependency section */

/* Begin PBXVariantGroup section */
		73AA782B200EFC1300E966CE /* LaunchScreen.storyboard */ = {
			isa = PBXVariantGroup;
			children = (
				73AA782C200EFC1300E966CE /* Base */,
			);
			name = LaunchScreen.storyboard;
			sourceTree = "<group>";
		};
/* End PBXVariantGroup section */

/* Begin XCBuildConfiguration section */
		73AA783A200EFC1300E966CE /* Debug */ = {
			isa = XCBuildConfiguration;
			buildSettings = {
				ALWAYS_SEARCH_USER_PATHS = NO;
				CLANG_ANALYZER_NONNULL = YES;
				CLANG_ANALYZER_NUMBER_OBJECT_CONVERSION = YES_AGGRESSIVE;
				CLANG_CXX_LANGUAGE_STANDARD = "gnu++14";
				CLANG_CXX_LIBRARY = "libc++";
				CLANG_ENABLE_MODULES = YES;
				CLANG_ENABLE_OBJC_ARC = YES;
				CLANG_WARN_BLOCK_CAPTURE_AUTORELEASING = YES;
				CLANG_WARN_BOOL_CONVERSION = YES;
				CLANG_WARN_COMMA = YES;
				CLANG_WARN_CONSTANT_CONVERSION = YES;
				CLANG_WARN_DIRECT_OBJC_ISA_USAGE = YES_ERROR;
				CLANG_WARN_DOCUMENTATION_COMMENTS = YES;
				CLANG_WARN_EMPTY_BODY = YES;
				CLANG_WARN_ENUM_CONVERSION = YES;
				CLANG_WARN_INFINITE_RECURSION = YES;
				CLANG_WARN_INT_CONVERSION = YES;
				CLANG_WARN_NON_LITERAL_NULL_CONVERSION = YES;
				CLANG_WARN_OBJC_LITERAL_CONVERSION = YES;
				CLANG_WARN_OBJC_ROOT_CLASS = YES_ERROR;
				CLANG_WARN_RANGE_LOOP_ANALYSIS = YES;
				CLANG_WARN_STRICT_PROTOTYPES = YES;
				CLANG_WARN_SUSPICIOUS_MOVE = YES;
				CLANG_WARN_UNGUARDED_AVAILABILITY = YES_AGGRESSIVE;
				CLANG_WARN_UNREACHABLE_CODE = YES;
				CLANG_WARN__DUPLICATE_METHOD_MATCH = YES;
				CODE_SIGN_IDENTITY = "iPhone Developer";
				COPY_PHASE_STRIP = NO;
				DEBUG_INFORMATION_FORMAT = dwarf;
				ENABLE_STRICT_OBJC_MSGSEND = YES;
				ENABLE_TESTABILITY = YES;
				GCC_C_LANGUAGE_STANDARD = gnu11;
				GCC_DYNAMIC_NO_PIC = NO;
				GCC_NO_COMMON_BLOCKS = YES;
				GCC_OPTIMIZATION_LEVEL = 0;
				GCC_PREPROCESSOR_DEFINITIONS = (
					"DEBUG=1",
					"$(inherited)",
				);
				GCC_WARN_64_TO_32_BIT_CONVERSION = YES;
				GCC_WARN_ABOUT_RETURN_TYPE = YES_ERROR;
				GCC_WARN_UNDECLARED_SELECTOR = YES;
				GCC_WARN_UNINITIALIZED_AUTOS = YES_AGGRESSIVE;
				GCC_WARN_UNUSED_FUNCTION = YES;
				GCC_WARN_UNUSED_VARIABLE = YES;
				IPHONEOS_DEPLOYMENT_TARGET = 11.2;
				MTL_ENABLE_DEBUG_INFO = YES;
				ONLY_ACTIVE_ARCH = YES;
				SDKROOT = iphoneos;
				SWIFT_ACTIVE_COMPILATION_CONDITIONS = DEBUG;
				SWIFT_OPTIMIZATION_LEVEL = "-Onone";
			};
			name = Debug;
		};
		73AA783B200EFC1300E966CE /* Release */ = {
			isa = XCBuildConfiguration;
			buildSettings = {
				ALWAYS_SEARCH_USER_PATHS = NO;
				CLANG_ANALYZER_NONNULL = YES;
				CLANG_ANALYZER_NUMBER_OBJECT_CONVERSION = YES_AGGRESSIVE;
				CLANG_CXX_LANGUAGE_STANDARD = "gnu++14";
				CLANG_CXX_LIBRARY = "libc++";
				CLANG_ENABLE_MODULES = YES;
				CLANG_ENABLE_OBJC_ARC = YES;
				CLANG_WARN_BLOCK_CAPTURE_AUTORELEASING = YES;
				CLANG_WARN_BOOL_CONVERSION = YES;
				CLANG_WARN_COMMA = YES;
				CLANG_WARN_CONSTANT_CONVERSION = YES;
				CLANG_WARN_DIRECT_OBJC_ISA_USAGE = YES_ERROR;
				CLANG_WARN_DOCUMENTATION_COMMENTS = YES;
				CLANG_WARN_EMPTY_BODY = YES;
				CLANG_WARN_ENUM_CONVERSION = YES;
				CLANG_WARN_INFINITE_RECURSION = YES;
				CLANG_WARN_INT_CONVERSION = YES;
				CLANG_WARN_NON_LITERAL_NULL_CONVERSION = YES;
				CLANG_WARN_OBJC_LITERAL_CONVERSION = YES;
				CLANG_WARN_OBJC_ROOT_CLASS = YES_ERROR;
				CLANG_WARN_RANGE_LOOP_ANALYSIS = YES;
				CLANG_WARN_STRICT_PROTOTYPES = YES;
				CLANG_WARN_SUSPICIOUS_MOVE = YES;
				CLANG_WARN_UNGUARDED_AVAILABILITY = YES_AGGRESSIVE;
				CLANG_WARN_UNREACHABLE_CODE = YES;
				CLANG_WARN__DUPLICATE_METHOD_MATCH = YES;
				CODE_SIGN_IDENTITY = "iPhone Developer";
				COPY_PHASE_STRIP = NO;
				DEBUG_INFORMATION_FORMAT = "dwarf-with-dsym";
				ENABLE_NS_ASSERTIONS = NO;
				ENABLE_STRICT_OBJC_MSGSEND = YES;
				GCC_C_LANGUAGE_STANDARD = gnu11;
				GCC_NO_COMMON_BLOCKS = YES;
				GCC_WARN_64_TO_32_BIT_CONVERSION = YES;
				GCC_WARN_ABOUT_RETURN_TYPE = YES_ERROR;
				GCC_WARN_UNDECLARED_SELECTOR = YES;
				GCC_WARN_UNINITIALIZED_AUTOS = YES_AGGRESSIVE;
				GCC_WARN_UNUSED_FUNCTION = YES;
				GCC_WARN_UNUSED_VARIABLE = YES;
				IPHONEOS_DEPLOYMENT_TARGET = 11.2;
				MTL_ENABLE_DEBUG_INFO = NO;
				SDKROOT = iphoneos;
				SWIFT_OPTIMIZATION_LEVEL = "-Owholemodule";
				VALIDATE_PRODUCT = YES;
			};
			name = Release;
		};
		73AA783D200EFC1300E966CE /* Debug */ = {
			isa = XCBuildConfiguration;
			buildSettings = {
				ASSETCATALOG_COMPILER_APPICON_NAME = AppIcon;
				CODE_SIGN_STYLE = Automatic;
				DEVELOPMENT_TEAM = LDLYQW3XY4;
				INFOPLIST_FILE = "$(SRCROOT)/ALPC/SupportingFiles/Info.plist";
				LD_RUNPATH_SEARCH_PATHS = "$(inherited) @executable_path/Frameworks";
				PRODUCT_BUNDLE_IDENTIFIER = None.ALPC;
				PRODUCT_NAME = "$(TARGET_NAME)";
				SWIFT_VERSION = 4.0;
				TARGETED_DEVICE_FAMILY = "1,2";
			};
			name = Debug;
		};
		73AA783E200EFC1300E966CE /* Release */ = {
			isa = XCBuildConfiguration;
			buildSettings = {
				ASSETCATALOG_COMPILER_APPICON_NAME = AppIcon;
				CODE_SIGN_STYLE = Automatic;
				DEVELOPMENT_TEAM = LDLYQW3XY4;
				INFOPLIST_FILE = "$(SRCROOT)/ALPC/SupportingFiles/Info.plist";
				LD_RUNPATH_SEARCH_PATHS = "$(inherited) @executable_path/Frameworks";
				PRODUCT_BUNDLE_IDENTIFIER = None.ALPC;
				PRODUCT_NAME = "$(TARGET_NAME)";
				SWIFT_VERSION = 4.0;
				TARGETED_DEVICE_FAMILY = "1,2";
			};
			name = Release;
		};
		73AA7840200EFC1300E966CE /* Debug */ = {
			isa = XCBuildConfiguration;
			buildSettings = {
				ALWAYS_EMBED_SWIFT_STANDARD_LIBRARIES = YES;
				BUNDLE_LOADER = "$(TEST_HOST)";
				CODE_SIGN_STYLE = Automatic;
				DEVELOPMENT_TEAM = LDLYQW3XY4;
				INFOPLIST_FILE = ALPCTests/Info.plist;
				LD_RUNPATH_SEARCH_PATHS = "$(inherited) @executable_path/Frameworks @loader_path/Frameworks";
				PRODUCT_BUNDLE_IDENTIFIER = None.ALPCTests;
				PRODUCT_NAME = "$(TARGET_NAME)";
				SWIFT_VERSION = 4.0;
				TARGETED_DEVICE_FAMILY = "1,2";
				TEST_HOST = "$(BUILT_PRODUCTS_DIR)/ALPC.app/ALPC";
			};
			name = Debug;
		};
		73AA7841200EFC1300E966CE /* Release */ = {
			isa = XCBuildConfiguration;
			buildSettings = {
				ALWAYS_EMBED_SWIFT_STANDARD_LIBRARIES = YES;
				BUNDLE_LOADER = "$(TEST_HOST)";
				CODE_SIGN_STYLE = Automatic;
				DEVELOPMENT_TEAM = LDLYQW3XY4;
				INFOPLIST_FILE = ALPCTests/Info.plist;
				LD_RUNPATH_SEARCH_PATHS = "$(inherited) @executable_path/Frameworks @loader_path/Frameworks";
				PRODUCT_BUNDLE_IDENTIFIER = None.ALPCTests;
				PRODUCT_NAME = "$(TARGET_NAME)";
				SWIFT_VERSION = 4.0;
				TARGETED_DEVICE_FAMILY = "1,2";
				TEST_HOST = "$(BUILT_PRODUCTS_DIR)/ALPC.app/ALPC";
			};
			name = Release;
		};
/* End XCBuildConfiguration section */

/* Begin XCConfigurationList section */
		73AA7816200EFC1200E966CE /* Build configuration list for PBXProject "ALPC" */ = {
			isa = XCConfigurationList;
			buildConfigurations = (
				73AA783A200EFC1300E966CE /* Debug */,
				73AA783B200EFC1300E966CE /* Release */,
			);
			defaultConfigurationIsVisible = 0;
			defaultConfigurationName = Release;
		};
		73AA783C200EFC1300E966CE /* Build configuration list for PBXNativeTarget "ALPC" */ = {
			isa = XCConfigurationList;
			buildConfigurations = (
				73AA783D200EFC1300E966CE /* Debug */,
				73AA783E200EFC1300E966CE /* Release */,
			);
			defaultConfigurationIsVisible = 0;
			defaultConfigurationName = Release;
		};
		73AA783F200EFC1300E966CE /* Build configuration list for PBXNativeTarget "ALPCTests" */ = {
			isa = XCConfigurationList;
			buildConfigurations = (
				73AA7840200EFC1300E966CE /* Debug */,
				73AA7841200EFC1300E966CE /* Release */,
			);
			defaultConfigurationIsVisible = 0;
			defaultConfigurationName = Release;
		};
/* End XCConfigurationList section */
	};
	rootObject = 73AA7813200EFC1200E966CE /* Project object */;
}
